
Microsoft Visual Studio Solution File, Format Version 12.00
# Visual Studio 14
VisualStudioVersion = 14.0.25420.1
MinimumVisualStudioVersion = 10.0.40219.1
Project("{8BC9CEB8-8B4A-11D0-8D11-00A0C91BC942}") = "Bai 1", "Bai 1\Bai 1.vcxproj", "{1F8DFCB1-9CEA-445F-9E0F-E2467BAE8907}"
EndProject
Project("{8BC9CEB8-8B4A-11D0-8D11-00A0C91BC942}") = "Bai 2", "Bai 2\Bai 2.vcxproj", "{A9DA3B8A-7855-4552-AC0E-7D5EF6EFFD74}"
EndProject
Project("{8BC9CEB8-8B4A-11D0-8D11-00A0C91BC942}") = "Bai 3", "Bai 3\Bai 3.vcxproj", "{D9C89F98-0054-4AB4-9FC0-803F1562DB01}"
EndProject
Project("{8BC9CEB8-8B4A-11D0-8D11-00A0C91BC942}") = "Bai 4", "Bai 4\Bai 4.vcxproj", "{0256AD41-AEA6-4E36-AF70-D1E601639596}"
EndProject
Project("{8BC9CEB8-8B4A-11D0-8D11-00A0C91BC942}") = "Bai 5", "Bai 5\Bai 5.vcxproj", "{AB02E86C-0017-4C4A-8FF6-6D505BC6642D}"
EndProject
Project("{8BC9CEB8-8B4A-11D0-8D11-00A0C91BC942}") = "Bai 6", "Bai 6\Bai 6.vcxproj", "{4F591ABA-95EC-4876-B1DC-22FF00812D0C}"
EndProject
Project("{8BC9CEB8-8B4A-11D0-8D11-00A0C91BC942}") = "Bai 7", "Bai 7\Bai 7.vcxproj", "{723F74CF-9470-4557-9320-7C8B3905CE37}"
EndProject
Project("{8BC9CEB8-8B4A-11D0-8D11-00A0C91BC942}") = "Bai 8", "Bai 8\Bai 8.vcxproj", "{FDBA3776-CC87-4275-8443-44498DF9E0E2}"
EndProject
Project("{8BC9CEB8-8B4A-11D0-8D11-00A0C91BC942}") = "Bai 9", "Bai 9\Bai 9.vcxproj", "{1C1B6927-86E0-4262-A43C-AC082F09832D}"
EndProject
Project("{8BC9CEB8-8B4A-11D0-8D11-00A0C91BC942}") = "Bai 10", "Bai 10\Bai 10.vcxproj", "{BAB1B07B-4D10-42D0-A3F2-C0374F2BF18A}"
EndProject
Project("{8BC9CEB8-8B4A-11D0-8D11-00A0C91BC942}") = "Bai 11", "Bai 11\Bai 11.vcxproj", "{4A63ADE7-826D-4120-8477-696B3647E823}"
EndProject
Project("{8BC9CEB8-8B4A-11D0-8D11-00A0C91BC942}") = "Bai 12", "Bai 12\Bai 12.vcxproj", "{35BCBF22-A63C-45BE-BABC-7DED8BD384E5}"
EndProject
Project("{8BC9CEB8-8B4A-11D0-8D11-00A0C91BC942}") = "Bai 13", "Bai 13\Bai 13.vcxproj", "{E885D106-39FA-4922-9EA6-DED3975D94E0}"
EndProject
Project("{8BC9CEB8-8B4A-11D0-8D11-00A0C91BC942}") = "Bai 14", "Bai 14\Bai 14.vcxproj", "{79F8E94F-C542-4D66-B58E-AEA87F71D63B}"
EndProject
Project("{8BC9CEB8-8B4A-11D0-8D11-00A0C91BC942}") = "Bai 15", "Bai 15\Bai 15.vcxproj", "{E6B50D4E-C4F6-4045-9FA5-DCDE8A84E50D}"
EndProject
Project("{8BC9CEB8-8B4A-11D0-8D11-00A0C91BC942}") = "Bai 16", "Bai 16\Bai 16.vcxproj", "{F238294A-3F92-4CB9-9318-FD4E907F277E}"
EndProject
Project("{8BC9CEB8-8B4A-11D0-8D11-00A0C91BC942}") = "Bai 17", "Bai 17\Bai 17.vcxproj", "{389AF0D9-AF9B-45DA-A399-E966DA396DA0}"
EndProject
Project("{8BC9CEB8-8B4A-11D0-8D11-00A0C91BC942}") = "Bai 18", "Bai 18\Bai 18.vcxproj", "{5727E2BB-6E5E-4CE5-AD8A-87C872A60B53}"
EndProject
Project("{8BC9CEB8-8B4A-11D0-8D11-00A0C91BC942}") = "Bai 19", "Bai 19\Bai 19.vcxproj", "{EB338A22-9F86-4236-A056-594AA0188798}"
EndProject
Project("{8BC9CEB8-8B4A-11D0-8D11-00A0C91BC942}") = "Bai 20", "Bai 20\Bai 20.vcxproj", "{0278DEBB-CC8B-496C-9F57-94C57E5BD87E}"
EndProject
Global
	GlobalSection(SolutionConfigurationPlatforms) = preSolution
		Debug|x64 = Debug|x64
		Debug|x86 = Debug|x86
		Release|x64 = Release|x64
		Release|x86 = Release|x86
	EndGlobalSection
	GlobalSection(ProjectConfigurationPlatforms) = postSolution
		{1F8DFCB1-9CEA-445F-9E0F-E2467BAE8907}.Debug|x64.ActiveCfg = Debug|x64
		{1F8DFCB1-9CEA-445F-9E0F-E2467BAE8907}.Debug|x64.Build.0 = Debug|x64
		{1F8DFCB1-9CEA-445F-9E0F-E2467BAE8907}.Debug|x86.ActiveCfg = Debug|Win32
		{1F8DFCB1-9CEA-445F-9E0F-E2467BAE8907}.Debug|x86.Build.0 = Debug|Win32
		{1F8DFCB1-9CEA-445F-9E0F-E2467BAE8907}.Release|x64.ActiveCfg = Release|x64
		{1F8DFCB1-9CEA-445F-9E0F-E2467BAE8907}.Release|x64.Build.0 = Release|x64
		{1F8DFCB1-9CEA-445F-9E0F-E2467BAE8907}.Release|x86.ActiveCfg = Release|Win32
		{1F8DFCB1-9CEA-445F-9E0F-E2467BAE8907}.Release|x86.Build.0 = Release|Win32
		{A9DA3B8A-7855-4552-AC0E-7D5EF6EFFD74}.Debug|x64.ActiveCfg = Debug|x64
		{A9DA3B8A-7855-4552-AC0E-7D5EF6EFFD74}.Debug|x64.Build.0 = Debug|x64
		{A9DA3B8A-7855-4552-AC0E-7D5EF6EFFD74}.Debug|x86.ActiveCfg = Debug|Win32
		{A9DA3B8A-7855-4552-AC0E-7D5EF6EFFD74}.Debug|x86.Build.0 = Debug|Win32
		{A9DA3B8A-7855-4552-AC0E-7D5EF6EFFD74}.Release|x64.ActiveCfg = Release|x64
		{A9DA3B8A-7855-4552-AC0E-7D5EF6EFFD74}.Release|x64.Build.0 = Release|x64
		{A9DA3B8A-7855-4552-AC0E-7D5EF6EFFD74}.Release|x86.ActiveCfg = Release|Win32
		{A9DA3B8A-7855-4552-AC0E-7D5EF6EFFD74}.Release|x86.Build.0 = Release|Win32
		{D9C89F98-0054-4AB4-9FC0-803F1562DB01}.Debug|x64.ActiveCfg = Debug|x64
		{D9C89F98-0054-4AB4-9FC0-803F1562DB01}.Debug|x64.Build.0 = Debug|x64
		{D9C89F98-0054-4AB4-9FC0-803F1562DB01}.Debug|x86.ActiveCfg = Debug|Win32
		{D9C89F98-0054-4AB4-9FC0-803F1562DB01}.Debug|x86.Build.0 = Debug|Win32
		{D9C89F98-0054-4AB4-9FC0-803F1562DB01}.Release|x64.ActiveCfg = Release|x64
		{D9C89F98-0054-4AB4-9FC0-803F1562DB01}.Release|x64.Build.0 = Release|x64
		{D9C89F98-0054-4AB4-9FC0-803F1562DB01}.Release|x86.ActiveCfg = Release|Win32
		{D9C89F98-0054-4AB4-9FC0-803F1562DB01}.Release|x86.Build.0 = Release|Win32
		{0256AD41-AEA6-4E36-AF70-D1E601639596}.Debug|x64.ActiveCfg = Debug|x64
		{0256AD41-AEA6-4E36-AF70-D1E601639596}.Debug|x64.Build.0 = Debug|x64
		{0256AD41-AEA6-4E36-AF70-D1E601639596}.Debug|x86.ActiveCfg = Debug|Win32
		{0256AD41-AEA6-4E36-AF70-D1E601639596}.Debug|x86.Build.0 = Debug|Win32
		{0256AD41-AEA6-4E36-AF70-D1E601639596}.Release|x64.ActiveCfg = Release|x64
		{0256AD41-AEA6-4E36-AF70-D1E601639596}.Release|x64.Build.0 = Release|x64
		{0256AD41-AEA6-4E36-AF70-D1E601639596}.Release|x86.ActiveCfg = Release|Win32
		{0256AD41-AEA6-4E36-AF70-D1E601639596}.Release|x86.Build.0 = Release|Win32
		{AB02E86C-0017-4C4A-8FF6-6D505BC6642D}.Debug|x64.ActiveCfg = Debug|x64
		{AB02E86C-0017-4C4A-8FF6-6D505BC6642D}.Debug|x64.Build.0 = Debug|x64
		{AB02E86C-0017-4C4A-8FF6-6D505BC6642D}.Debug|x86.ActiveCfg = Debug|Win32
		{AB02E86C-0017-4C4A-8FF6-6D505BC6642D}.Debug|x86.Build.0 = Debug|Win32
		{AB02E86C-0017-4C4A-8FF6-6D505BC6642D}.Release|x64.ActiveCfg = Release|x64
		{AB02E86C-0017-4C4A-8FF6-6D505BC6642D}.Release|x64.Build.0 = Release|x64
		{AB02E86C-0017-4C4A-8FF6-6D505BC6642D}.Release|x86.ActiveCfg = Release|Win32
		{AB02E86C-0017-4C4A-8FF6-6D505BC6642D}.Release|x86.Build.0 = Release|Win32
		{4F591ABA-95EC-4876-B1DC-22FF00812D0C}.Debug|x64.ActiveCfg = Debug|x64
		{4F591ABA-95EC-4876-B1DC-22FF00812D0C}.Debug|x64.Build.0 = Debug|x64
		{4F591ABA-95EC-4876-B1DC-22FF00812D0C}.Debug|x86.ActiveCfg = Debug|Win32
		{4F591ABA-95EC-4876-B1DC-22FF00812D0C}.Debug|x86.Build.0 = Debug|Win32
		{4F591ABA-95EC-4876-B1DC-22FF00812D0C}.Release|x64.ActiveCfg = Release|x64
		{4F591ABA-95EC-4876-B1DC-22FF00812D0C}.Release|x64.Build.0 = Release|x64
		{4F591ABA-95EC-4876-B1DC-22FF00812D0C}.Release|x86.ActiveCfg = Release|Win32
		{4F591ABA-95EC-4876-B1DC-22FF00812D0C}.Release|x86.Build.0 = Release|Win32
		{723F74CF-9470-4557-9320-7C8B3905CE37}.Debug|x64.ActiveCfg = Debug|x64
		{723F74CF-9470-4557-9320-7C8B3905CE37}.Debug|x64.Build.0 = Debug|x64
		{723F74CF-9470-4557-9320-7C8B3905CE37}.Debug|x86.ActiveCfg = Debug|Win32
		{723F74CF-9470-4557-9320-7C8B3905CE37}.Debug|x86.Build.0 = Debug|Win32
		{723F74CF-9470-4557-9320-7C8B3905CE37}.Release|x64.ActiveCfg = Release|x64
		{723F74CF-9470-4557-9320-7C8B3905CE37}.Release|x64.Build.0 = Release|x64
		{723F74CF-9470-4557-9320-7C8B3905CE37}.Release|x86.ActiveCfg = Release|Win32
		{723F74CF-9470-4557-9320-7C8B3905CE37}.Release|x86.Build.0 = Release|Win32
		{FDBA3776-CC87-4275-8443-44498DF9E0E2}.Debug|x64.ActiveCfg = Debug|x64
		{FDBA3776-CC87-4275-8443-44498DF9E0E2}.Debug|x64.Build.0 = Debug|x64
		{FDBA3776-CC87-4275-8443-44498DF9E0E2}.Debug|x86.ActiveCfg = Debug|Win32
		{FDBA3776-CC87-4275-8443-44498DF9E0E2}.Debug|x86.Build.0 = Debug|Win32
		{FDBA3776-CC87-4275-8443-44498DF9E0E2}.Release|x64.ActiveCfg = Release|x64
		{FDBA3776-CC87-4275-8443-44498DF9E0E2}.Release|x64.Build.0 = Release|x64
		{FDBA3776-CC87-4275-8443-44498DF9E0E2}.Release|x86.ActiveCfg = Release|Win32
		{FDBA3776-CC87-4275-8443-44498DF9E0E2}.Release|x86.Build.0 = Release|Win32
		{1C1B6927-86E0-4262-A43C-AC082F09832D}.Debug|x64.ActiveCfg = Debug|x64
		{1C1B6927-86E0-4262-A43C-AC082F09832D}.Debug|x64.Build.0 = Debug|x64
		{1C1B6927-86E0-4262-A43C-AC082F09832D}.Debug|x86.ActiveCfg = Debug|Win32
		{1C1B6927-86E0-4262-A43C-AC082F09832D}.Debug|x86.Build.0 = Debug|Win32
		{1C1B6927-86E0-4262-A43C-AC082F09832D}.Release|x64.ActiveCfg = Release|x64
		{1C1B6927-86E0-4262-A43C-AC082F09832D}.Release|x64.Build.0 = Release|x64
		{1C1B6927-86E0-4262-A43C-AC082F09832D}.Release|x86.ActiveCfg = Release|Win32
		{1C1B6927-86E0-4262-A43C-AC082F09832D}.Release|x86.Build.0 = Release|Win32
		{BAB1B07B-4D10-42D0-A3F2-C0374F2BF18A}.Debug|x64.ActiveCfg = Debug|x64
		{BAB1B07B-4D10-42D0-A3F2-C0374F2BF18A}.Debug|x64.Build.0 = Debug|x64
		{BAB1B07B-4D10-42D0-A3F2-C0374F2BF18A}.Debug|x86.ActiveCfg = Debug|Win32
		{BAB1B07B-4D10-42D0-A3F2-C0374F2BF18A}.Debug|x86.Build.0 = Debug|Win32
		{BAB1B07B-4D10-42D0-A3F2-C0374F2BF18A}.Release|x64.ActiveCfg = Release|x64
		{BAB1B07B-4D10-42D0-A3F2-C0374F2BF18A}.Release|x64.Build.0 = Release|x64
		{BAB1B07B-4D10-42D0-A3F2-C0374F2BF18A}.Release|x86.ActiveCfg = Release|Win32
		{BAB1B07B-4D10-42D0-A3F2-C0374F2BF18A}.Release|x86.Build.0 = Release|Win32
		{4A63ADE7-826D-4120-8477-696B3647E823}.Debug|x64.ActiveCfg = Debug|x64
		{4A63ADE7-826D-4120-8477-696B3647E823}.Debug|x64.Build.0 = Debug|x64
		{4A63ADE7-826D-4120-8477-696B3647E823}.Debug|x86.ActiveCfg = Debug|Win32
		{4A63ADE7-826D-4120-8477-696B3647E823}.Debug|x86.Build.0 = Debug|Win32
		{4A63ADE7-826D-4120-8477-696B3647E823}.Release|x64.ActiveCfg = Release|x64
		{4A63ADE7-826D-4120-8477-696B3647E823}.Release|x64.Build.0 = Release|x64
		{4A63ADE7-826D-4120-8477-696B3647E823}.Release|x86.ActiveCfg = Release|Win32
		{4A63ADE7-826D-4120-8477-696B3647E823}.Release|x86.Build.0 = Release|Win32
		{35BCBF22-A63C-45BE-BABC-7DED8BD384E5}.Debug|x64.ActiveCfg = Debug|x64
		{35BCBF22-A63C-45BE-BABC-7DED8BD384E5}.Debug|x64.Build.0 = Debug|x64
		{35BCBF22-A63C-45BE-BABC-7DED8BD384E5}.Debug|x86.ActiveCfg = Debug|Win32
		{35BCBF22-A63C-45BE-BABC-7DED8BD384E5}.Debug|x86.Build.0 = Debug|Win32
		{35BCBF22-A63C-45BE-BABC-7DED8BD384E5}.Release|x64.ActiveCfg = Release|x64
		{35BCBF22-A63C-45BE-BABC-7DED8BD384E5}.Release|x64.Build.0 = Release|x64
		{35BCBF22-A63C-45BE-BABC-7DED8BD384E5}.Release|x86.ActiveCfg = Release|Win32
		{35BCBF22-A63C-45BE-BABC-7DED8BD384E5}.Release|x86.Build.0 = Release|Win32
		{E885D106-39FA-4922-9EA6-DED3975D94E0}.Debug|x64.ActiveCfg = Debug|x64
		{E885D106-39FA-4922-9EA6-DED3975D94E0}.Debug|x64.Build.0 = Debug|x64
		{E885D106-39FA-4922-9EA6-DED3975D94E0}.Debug|x86.ActiveCfg = Debug|Win32
		{E885D106-39FA-4922-9EA6-DED3975D94E0}.Debug|x86.Build.0 = Debug|Win32
		{E885D106-39FA-4922-9EA6-DED3975D94E0}.Release|x64.ActiveCfg = Release|x64
		{E885D106-39FA-4922-9EA6-DED3975D94E0}.Release|x64.Build.0 = Release|x64
		{E885D106-39FA-4922-9EA6-DED3975D94E0}.Release|x86.ActiveCfg = Release|Win32
		{E885D106-39FA-4922-9EA6-DED3975D94E0}.Release|x86.Build.0 = Release|Win32
		{79F8E94F-C542-4D66-B58E-AEA87F71D63B}.Debug|x64.ActiveCfg = Debug|x64
		{79F8E94F-C542-4D66-B58E-AEA87F71D63B}.Debug|x64.Build.0 = Debug|x64
		{79F8E94F-C542-4D66-B58E-AEA87F71D63B}.Debug|x86.ActiveCfg = Debug|Win32
		{79F8E94F-C542-4D66-B58E-AEA87F71D63B}.Debug|x86.Build.0 = Debug|Win32
		{79F8E94F-C542-4D66-B58E-AEA87F71D63B}.Release|x64.ActiveCfg = Release|x64
		{79F8E94F-C542-4D66-B58E-AEA87F71D63B}.Release|x64.Build.0 = Release|x64
		{79F8E94F-C542-4D66-B58E-AEA87F71D63B}.Release|x86.ActiveCfg = Release|Win32
		{79F8E94F-C542-4D66-B58E-AEA87F71D63B}.Release|x86.Build.0 = Release|Win32
		{E6B50D4E-C4F6-4045-9FA5-DCDE8A84E50D}.Debug|x64.ActiveCfg = Debug|x64
		{E6B50D4E-C4F6-4045-9FA5-DCDE8A84E50D}.Debug|x64.Build.0 = Debug|x64
		{E6B50D4E-C4F6-4045-9FA5-DCDE8A84E50D}.Debug|x86.ActiveCfg = Debug|Win32
		{E6B50D4E-C4F6-4045-9FA5-DCDE8A84E50D}.Debug|x86.Build.0 = Debug|Win32
		{E6B50D4E-C4F6-4045-9FA5-DCDE8A84E50D}.Release|x64.ActiveCfg = Release|x64
		{E6B50D4E-C4F6-4045-9FA5-DCDE8A84E50D}.Release|x64.Build.0 = Release|x64
		{E6B50D4E-C4F6-4045-9FA5-DCDE8A84E50D}.Release|x86.ActiveCfg = Release|Win32
		{E6B50D4E-C4F6-4045-9FA5-DCDE8A84E50D}.Release|x86.Build.0 = Release|Win32
		{F238294A-3F92-4CB9-9318-FD4E907F277E}.Debug|x64.ActiveCfg = Debug|x64
		{F238294A-3F92-4CB9-9318-FD4E907F277E}.Debug|x64.Build.0 = Debug|x64
		{F238294A-3F92-4CB9-9318-FD4E907F277E}.Debug|x86.ActiveCfg = Debug|Win32
		{F238294A-3F92-4CB9-9318-FD4E907F277E}.Debug|x86.Build.0 = Debug|Win32
		{F238294A-3F92-4CB9-9318-FD4E907F277E}.Release|x64.ActiveCfg = Release|x64
		{F238294A-3F92-4CB9-9318-FD4E907F277E}.Release|x64.Build.0 = Release|x64
		{F238294A-3F92-4CB9-9318-FD4E907F277E}.Release|x86.ActiveCfg = Release|Win32
		{F238294A-3F92-4CB9-9318-FD4E907F277E}.Release|x86.Build.0 = Release|Win32
		{389AF0D9-AF9B-45DA-A399-E966DA396DA0}.Debug|x64.ActiveCfg = Debug|x64
		{389AF0D9-AF9B-45DA-A399-E966DA396DA0}.Debug|x64.Build.0 = Debug|x64
		{389AF0D9-AF9B-45DA-A399-E966DA396DA0}.Debug|x86.ActiveCfg = Debug|Win32
		{389AF0D9-AF9B-45DA-A399-E966DA396DA0}.Debug|x86.Build.0 = Debug|Win32
		{389AF0D9-AF9B-45DA-A399-E966DA396DA0}.Release|x64.ActiveCfg = Release|x64
		{389AF0D9-AF9B-45DA-A399-E966DA396DA0}.Release|x64.Build.0 = Release|x64
		{389AF0D9-AF9B-45DA-A399-E966DA396DA0}.Release|x86.ActiveCfg = Release|Win32
		{389AF0D9-AF9B-45DA-A399-E966DA396DA0}.Release|x86.Build.0 = Release|Win32
		{5727E2BB-6E5E-4CE5-AD8A-87C872A60B53}.Debug|x64.ActiveCfg = Debug|x64
		{5727E2BB-6E5E-4CE5-AD8A-87C872A60B53}.Debug|x64.Build.0 = Debug|x64
		{5727E2BB-6E5E-4CE5-AD8A-87C872A60B53}.Debug|x86.ActiveCfg = Debug|Win32
		{5727E2BB-6E5E-4CE5-AD8A-87C872A60B53}.Debug|x86.Build.0 = Debug|Win32
		{5727E2BB-6E5E-4CE5-AD8A-87C872A60B53}.Release|x64.ActiveCfg = Release|x64
		{5727E2BB-6E5E-4CE5-AD8A-87C872A60B53}.Release|x64.Build.0 = Release|x64
		{5727E2BB-6E5E-4CE5-AD8A-87C872A60B53}.Release|x86.ActiveCfg = Release|Win32
		{5727E2BB-6E5E-4CE5-AD8A-87C872A60B53}.Release|x86.Build.0 = Release|Win32
		{EB338A22-9F86-4236-A056-594AA0188798}.Debug|x64.ActiveCfg = Debug|x64
		{EB338A22-9F86-4236-A056-594AA0188798}.Debug|x64.Build.0 = Debug|x64
		{EB338A22-9F86-4236-A056-594AA0188798}.Debug|x86.ActiveCfg = Debug|Win32
		{EB338A22-9F86-4236-A056-594AA0188798}.Debug|x86.Build.0 = Debug|Win32
		{EB338A22-9F86-4236-A056-594AA0188798}.Release|x64.ActiveCfg = Release|x64
		{EB338A22-9F86-4236-A056-594AA0188798}.Release|x64.Build.0 = Release|x64
		{EB338A22-9F86-4236-A056-594AA0188798}.Release|x86.ActiveCfg = Release|Win32
		{EB338A22-9F86-4236-A056-594AA0188798}.Release|x86.Build.0 = Release|Win32
		{0278DEBB-CC8B-496C-9F57-94C57E5BD87E}.Debug|x64.ActiveCfg = Debug|x64
		{0278DEBB-CC8B-496C-9F57-94C57E5BD87E}.Debug|x64.Build.0 = Debug|x64
		{0278DEBB-CC8B-496C-9F57-94C57E5BD87E}.Debug|x86.ActiveCfg = Debug|Win32
		{0278DEBB-CC8B-496C-9F57-94C57E5BD87E}.Debug|x86.Build.0 = Debug|Win32
		{0278DEBB-CC8B-496C-9F57-94C57E5BD87E}.Release|x64.ActiveCfg = Release|x64
		{0278DEBB-CC8B-496C-9F57-94C57E5BD87E}.Release|x64.Build.0 = Release|x64
		{0278DEBB-CC8B-496C-9F57-94C57E5BD87E}.Release|x86.ActiveCfg = Release|Win32
		{0278DEBB-CC8B-496C-9F57-94C57E5BD87E}.Release|x86.Build.0 = Release|Win32
	EndGlobalSection
	GlobalSection(SolutionProperties) = preSolution
		HideSolutionNode = FALSE
	EndGlobalSection
EndGlobal
