
Microsoft Visual Studio Solution File, Format Version 12.00
# Visual Studio 14
VisualStudioVersion = 14.0.25420.1
MinimumVisualStudioVersion = 10.0.40219.1
Project("{8BC9CEB8-8B4A-11D0-8D11-00A0C91BC942}") = "Bai 1", "Bai 1\Bai 1.vcxproj", "{37297BC4-DA00-415E-BD14-469C9A0F4B0B}"
EndProject
Project("{8BC9CEB8-8B4A-11D0-8D11-00A0C91BC942}") = "Bai 2", "Bai 2\Bai 2.vcxproj", "{7896100C-F500-46D3-A2B8-DC50FC07841D}"
EndProject
Project("{8BC9CEB8-8B4A-11D0-8D11-00A0C91BC942}") = "Bai 3", "Bai 3\Bai 3.vcxproj", "{6F536CAE-045F-4108-A253-B52997D61613}"
EndProject
Project("{8BC9CEB8-8B4A-11D0-8D11-00A0C91BC942}") = "Bai 4", "Bai 4\Bai 4.vcxproj", "{7588E1D7-C41D-4B7E-A23B-A925ABD55561}"
EndProject
Project("{8BC9CEB8-8B4A-11D0-8D11-00A0C91BC942}") = "Bai 5", "Bai 5\Bai 5.vcxproj", "{B7660A95-F64F-45DB-B522-614B43FF94EC}"
EndProject
Project("{8BC9CEB8-8B4A-11D0-8D11-00A0C91BC942}") = "Bai 6", "Bai 6\Bai 6.vcxproj", "{0ADA899D-EAAD-458E-AB42-892D1E7F9C5F}"
EndProject
Project("{8BC9CEB8-8B4A-11D0-8D11-00A0C91BC942}") = "Bai 7", "Bai 7\Bai 7.vcxproj", "{4371BE67-C886-48A0-BE58-530E2EDBD7CF}"
EndProject
Project("{8BC9CEB8-8B4A-11D0-8D11-00A0C91BC942}") = "Bai 8", "Bai 8\Bai 8.vcxproj", "{85DC5790-7CCA-4A7F-A11C-D69EB37F299B}"
EndProject
Project("{8BC9CEB8-8B4A-11D0-8D11-00A0C91BC942}") = "Bai 9", "Bai 9\Bai 9.vcxproj", "{69ADA393-0FD4-422E-9F13-CFB5AB5F9E08}"
EndProject
Project("{8BC9CEB8-8B4A-11D0-8D11-00A0C91BC942}") = "Bai 10", "Bai 10\Bai 10.vcxproj", "{1F728445-04D0-4DF3-8655-9E4F6E6FC9C6}"
EndProject
Project("{8BC9CEB8-8B4A-11D0-8D11-00A0C91BC942}") = "Bai 11", "Bai 11\Bai 11.vcxproj", "{504ED475-415B-46AB-B583-2FC26991342E}"
EndProject
Project("{8BC9CEB8-8B4A-11D0-8D11-00A0C91BC942}") = "Bai 12", "Bai 12\Bai 12.vcxproj", "{B5689F08-230E-4B2A-9545-DEB4588208A5}"
EndProject
Project("{8BC9CEB8-8B4A-11D0-8D11-00A0C91BC942}") = "Bai 13", "Bai 13\Bai 13.vcxproj", "{B8C6A318-5DA5-4F90-AB63-6EEA9EF579F0}"
EndProject
Project("{8BC9CEB8-8B4A-11D0-8D11-00A0C91BC942}") = "Bai 14", "Bai 14\Bai 14.vcxproj", "{C910D2EE-2CBD-4516-93F4-7402D0E48727}"
EndProject
Project("{8BC9CEB8-8B4A-11D0-8D11-00A0C91BC942}") = "Bai 15", "Bai 15\Bai 15.vcxproj", "{0B07DA85-C7E6-486C-AE49-7FF5C9C6D247}"
EndProject
Project("{8BC9CEB8-8B4A-11D0-8D11-00A0C91BC942}") = "Bai 16", "Bai 16\Bai 16.vcxproj", "{38D59649-12CE-4C3D-B56B-069A51E08C94}"
EndProject
Project("{8BC9CEB8-8B4A-11D0-8D11-00A0C91BC942}") = "Bai 17", "Bai 17\Bai 17.vcxproj", "{F9955889-2CB2-4280-833E-83F11BF7D237}"
EndProject
Project("{8BC9CEB8-8B4A-11D0-8D11-00A0C91BC942}") = "Bai 18", "Bai 18\Bai 18.vcxproj", "{0F084EED-04B2-4428-8210-C6C127B8C0A9}"
EndProject
Global
	GlobalSection(SolutionConfigurationPlatforms) = preSolution
		Debug|x64 = Debug|x64
		Debug|x86 = Debug|x86
		Release|x64 = Release|x64
		Release|x86 = Release|x86
	EndGlobalSection
	GlobalSection(ProjectConfigurationPlatforms) = postSolution
		{37297BC4-DA00-415E-BD14-469C9A0F4B0B}.Debug|x64.ActiveCfg = Debug|x64
		{37297BC4-DA00-415E-BD14-469C9A0F4B0B}.Debug|x64.Build.0 = Debug|x64
		{37297BC4-DA00-415E-BD14-469C9A0F4B0B}.Debug|x86.ActiveCfg = Debug|Win32
		{37297BC4-DA00-415E-BD14-469C9A0F4B0B}.Debug|x86.Build.0 = Debug|Win32
		{37297BC4-DA00-415E-BD14-469C9A0F4B0B}.Release|x64.ActiveCfg = Release|x64
		{37297BC4-DA00-415E-BD14-469C9A0F4B0B}.Release|x64.Build.0 = Release|x64
		{37297BC4-DA00-415E-BD14-469C9A0F4B0B}.Release|x86.ActiveCfg = Release|Win32
		{37297BC4-DA00-415E-BD14-469C9A0F4B0B}.Release|x86.Build.0 = Release|Win32
		{7896100C-F500-46D3-A2B8-DC50FC07841D}.Debug|x64.ActiveCfg = Debug|x64
		{7896100C-F500-46D3-A2B8-DC50FC07841D}.Debug|x64.Build.0 = Debug|x64
		{7896100C-F500-46D3-A2B8-DC50FC07841D}.Debug|x86.ActiveCfg = Debug|Win32
		{7896100C-F500-46D3-A2B8-DC50FC07841D}.Debug|x86.Build.0 = Debug|Win32
		{7896100C-F500-46D3-A2B8-DC50FC07841D}.Release|x64.ActiveCfg = Release|x64
		{7896100C-F500-46D3-A2B8-DC50FC07841D}.Release|x64.Build.0 = Release|x64
		{7896100C-F500-46D3-A2B8-DC50FC07841D}.Release|x86.ActiveCfg = Release|Win32
		{7896100C-F500-46D3-A2B8-DC50FC07841D}.Release|x86.Build.0 = Release|Win32
		{6F536CAE-045F-4108-A253-B52997D61613}.Debug|x64.ActiveCfg = Debug|x64
		{6F536CAE-045F-4108-A253-B52997D61613}.Debug|x64.Build.0 = Debug|x64
		{6F536CAE-045F-4108-A253-B52997D61613}.Debug|x86.ActiveCfg = Debug|Win32
		{6F536CAE-045F-4108-A253-B52997D61613}.Debug|x86.Build.0 = Debug|Win32
		{6F536CAE-045F-4108-A253-B52997D61613}.Release|x64.ActiveCfg = Release|x64
		{6F536CAE-045F-4108-A253-B52997D61613}.Release|x64.Build.0 = Release|x64
		{6F536CAE-045F-4108-A253-B52997D61613}.Release|x86.ActiveCfg = Release|Win32
		{6F536CAE-045F-4108-A253-B52997D61613}.Release|x86.Build.0 = Release|Win32
		{7588E1D7-C41D-4B7E-A23B-A925ABD55561}.Debug|x64.ActiveCfg = Debug|x64
		{7588E1D7-C41D-4B7E-A23B-A925ABD55561}.Debug|x64.Build.0 = Debug|x64
		{7588E1D7-C41D-4B7E-A23B-A925ABD55561}.Debug|x86.ActiveCfg = Debug|Win32
		{7588E1D7-C41D-4B7E-A23B-A925ABD55561}.Debug|x86.Build.0 = Debug|Win32
		{7588E1D7-C41D-4B7E-A23B-A925ABD55561}.Release|x64.ActiveCfg = Release|x64
		{7588E1D7-C41D-4B7E-A23B-A925ABD55561}.Release|x64.Build.0 = Release|x64
		{7588E1D7-C41D-4B7E-A23B-A925ABD55561}.Release|x86.ActiveCfg = Release|Win32
		{7588E1D7-C41D-4B7E-A23B-A925ABD55561}.Release|x86.Build.0 = Release|Win32
		{B7660A95-F64F-45DB-B522-614B43FF94EC}.Debug|x64.ActiveCfg = Debug|x64
		{B7660A95-F64F-45DB-B522-614B43FF94EC}.Debug|x64.Build.0 = Debug|x64
		{B7660A95-F64F-45DB-B522-614B43FF94EC}.Debug|x86.ActiveCfg = Debug|Win32
		{B7660A95-F64F-45DB-B522-614B43FF94EC}.Debug|x86.Build.0 = Debug|Win32
		{B7660A95-F64F-45DB-B522-614B43FF94EC}.Release|x64.ActiveCfg = Release|x64
		{B7660A95-F64F-45DB-B522-614B43FF94EC}.Release|x64.Build.0 = Release|x64
		{B7660A95-F64F-45DB-B522-614B43FF94EC}.Release|x86.ActiveCfg = Release|Win32
		{B7660A95-F64F-45DB-B522-614B43FF94EC}.Release|x86.Build.0 = Release|Win32
		{0ADA899D-EAAD-458E-AB42-892D1E7F9C5F}.Debug|x64.ActiveCfg = Debug|x64
		{0ADA899D-EAAD-458E-AB42-892D1E7F9C5F}.Debug|x64.Build.0 = Debug|x64
		{0ADA899D-EAAD-458E-AB42-892D1E7F9C5F}.Debug|x86.ActiveCfg = Debug|Win32
		{0ADA899D-EAAD-458E-AB42-892D1E7F9C5F}.Debug|x86.Build.0 = Debug|Win32
		{0ADA899D-EAAD-458E-AB42-892D1E7F9C5F}.Release|x64.ActiveCfg = Release|x64
		{0ADA899D-EAAD-458E-AB42-892D1E7F9C5F}.Release|x64.Build.0 = Release|x64
		{0ADA899D-EAAD-458E-AB42-892D1E7F9C5F}.Release|x86.ActiveCfg = Release|Win32
		{0ADA899D-EAAD-458E-AB42-892D1E7F9C5F}.Release|x86.Build.0 = Release|Win32
		{4371BE67-C886-48A0-BE58-530E2EDBD7CF}.Debug|x64.ActiveCfg = Debug|x64
		{4371BE67-C886-48A0-BE58-530E2EDBD7CF}.Debug|x64.Build.0 = Debug|x64
		{4371BE67-C886-48A0-BE58-530E2EDBD7CF}.Debug|x86.ActiveCfg = Debug|Win32
		{4371BE67-C886-48A0-BE58-530E2EDBD7CF}.Debug|x86.Build.0 = Debug|Win32
		{4371BE67-C886-48A0-BE58-530E2EDBD7CF}.Release|x64.ActiveCfg = Release|x64
		{4371BE67-C886-48A0-BE58-530E2EDBD7CF}.Release|x64.Build.0 = Release|x64
		{4371BE67-C886-48A0-BE58-530E2EDBD7CF}.Release|x86.ActiveCfg = Release|Win32
		{4371BE67-C886-48A0-BE58-530E2EDBD7CF}.Release|x86.Build.0 = Release|Win32
		{85DC5790-7CCA-4A7F-A11C-D69EB37F299B}.Debug|x64.ActiveCfg = Debug|x64
		{85DC5790-7CCA-4A7F-A11C-D69EB37F299B}.Debug|x64.Build.0 = Debug|x64
		{85DC5790-7CCA-4A7F-A11C-D69EB37F299B}.Debug|x86.ActiveCfg = Debug|Win32
		{85DC5790-7CCA-4A7F-A11C-D69EB37F299B}.Debug|x86.Build.0 = Debug|Win32
		{85DC5790-7CCA-4A7F-A11C-D69EB37F299B}.Release|x64.ActiveCfg = Release|x64
		{85DC5790-7CCA-4A7F-A11C-D69EB37F299B}.Release|x64.Build.0 = Release|x64
		{85DC5790-7CCA-4A7F-A11C-D69EB37F299B}.Release|x86.ActiveCfg = Release|Win32
		{85DC5790-7CCA-4A7F-A11C-D69EB37F299B}.Release|x86.Build.0 = Release|Win32
		{69ADA393-0FD4-422E-9F13-CFB5AB5F9E08}.Debug|x64.ActiveCfg = Debug|x64
		{69ADA393-0FD4-422E-9F13-CFB5AB5F9E08}.Debug|x64.Build.0 = Debug|x64
		{69ADA393-0FD4-422E-9F13-CFB5AB5F9E08}.Debug|x86.ActiveCfg = Debug|Win32
		{69ADA393-0FD4-422E-9F13-CFB5AB5F9E08}.Debug|x86.Build.0 = Debug|Win32
		{69ADA393-0FD4-422E-9F13-CFB5AB5F9E08}.Release|x64.ActiveCfg = Release|x64
		{69ADA393-0FD4-422E-9F13-CFB5AB5F9E08}.Release|x64.Build.0 = Release|x64
		{69ADA393-0FD4-422E-9F13-CFB5AB5F9E08}.Release|x86.ActiveCfg = Release|Win32
		{69ADA393-0FD4-422E-9F13-CFB5AB5F9E08}.Release|x86.Build.0 = Release|Win32
		{1F728445-04D0-4DF3-8655-9E4F6E6FC9C6}.Debug|x64.ActiveCfg = Debug|x64
		{1F728445-04D0-4DF3-8655-9E4F6E6FC9C6}.Debug|x64.Build.0 = Debug|x64
		{1F728445-04D0-4DF3-8655-9E4F6E6FC9C6}.Debug|x86.ActiveCfg = Debug|Win32
		{1F728445-04D0-4DF3-8655-9E4F6E6FC9C6}.Debug|x86.Build.0 = Debug|Win32
		{1F728445-04D0-4DF3-8655-9E4F6E6FC9C6}.Release|x64.ActiveCfg = Release|x64
		{1F728445-04D0-4DF3-8655-9E4F6E6FC9C6}.Release|x64.Build.0 = Release|x64
		{1F728445-04D0-4DF3-8655-9E4F6E6FC9C6}.Release|x86.ActiveCfg = Release|Win32
		{1F728445-04D0-4DF3-8655-9E4F6E6FC9C6}.Release|x86.Build.0 = Release|Win32
		{504ED475-415B-46AB-B583-2FC26991342E}.Debug|x64.ActiveCfg = Debug|x64
		{504ED475-415B-46AB-B583-2FC26991342E}.Debug|x64.Build.0 = Debug|x64
		{504ED475-415B-46AB-B583-2FC26991342E}.Debug|x86.ActiveCfg = Debug|Win32
		{504ED475-415B-46AB-B583-2FC26991342E}.Debug|x86.Build.0 = Debug|Win32
		{504ED475-415B-46AB-B583-2FC26991342E}.Release|x64.ActiveCfg = Release|x64
		{504ED475-415B-46AB-B583-2FC26991342E}.Release|x64.Build.0 = Release|x64
		{504ED475-415B-46AB-B583-2FC26991342E}.Release|x86.ActiveCfg = Release|Win32
		{504ED475-415B-46AB-B583-2FC26991342E}.Release|x86.Build.0 = Release|Win32
		{B5689F08-230E-4B2A-9545-DEB4588208A5}.Debug|x64.ActiveCfg = Debug|x64
		{B5689F08-230E-4B2A-9545-DEB4588208A5}.Debug|x64.Build.0 = Debug|x64
		{B5689F08-230E-4B2A-9545-DEB4588208A5}.Debug|x86.ActiveCfg = Debug|Win32
		{B5689F08-230E-4B2A-9545-DEB4588208A5}.Debug|x86.Build.0 = Debug|Win32
		{B5689F08-230E-4B2A-9545-DEB4588208A5}.Release|x64.ActiveCfg = Release|x64
		{B5689F08-230E-4B2A-9545-DEB4588208A5}.Release|x64.Build.0 = Release|x64
		{B5689F08-230E-4B2A-9545-DEB4588208A5}.Release|x86.ActiveCfg = Release|Win32
		{B5689F08-230E-4B2A-9545-DEB4588208A5}.Release|x86.Build.0 = Release|Win32
		{B8C6A318-5DA5-4F90-AB63-6EEA9EF579F0}.Debug|x64.ActiveCfg = Debug|x64
		{B8C6A318-5DA5-4F90-AB63-6EEA9EF579F0}.Debug|x64.Build.0 = Debug|x64
		{B8C6A318-5DA5-4F90-AB63-6EEA9EF579F0}.Debug|x86.ActiveCfg = Debug|Win32
		{B8C6A318-5DA5-4F90-AB63-6EEA9EF579F0}.Debug|x86.Build.0 = Debug|Win32
		{B8C6A318-5DA5-4F90-AB63-6EEA9EF579F0}.Release|x64.ActiveCfg = Release|x64
		{B8C6A318-5DA5-4F90-AB63-6EEA9EF579F0}.Release|x64.Build.0 = Release|x64
		{B8C6A318-5DA5-4F90-AB63-6EEA9EF579F0}.Release|x86.ActiveCfg = Release|Win32
		{B8C6A318-5DA5-4F90-AB63-6EEA9EF579F0}.Release|x86.Build.0 = Release|Win32
		{C910D2EE-2CBD-4516-93F4-7402D0E48727}.Debug|x64.ActiveCfg = Debug|x64
		{C910D2EE-2CBD-4516-93F4-7402D0E48727}.Debug|x64.Build.0 = Debug|x64
		{C910D2EE-2CBD-4516-93F4-7402D0E48727}.Debug|x86.ActiveCfg = Debug|Win32
		{C910D2EE-2CBD-4516-93F4-7402D0E48727}.Debug|x86.Build.0 = Debug|Win32
		{C910D2EE-2CBD-4516-93F4-7402D0E48727}.Release|x64.ActiveCfg = Release|x64
		{C910D2EE-2CBD-4516-93F4-7402D0E48727}.Release|x64.Build.0 = Release|x64
		{C910D2EE-2CBD-4516-93F4-7402D0E48727}.Release|x86.ActiveCfg = Release|Win32
		{C910D2EE-2CBD-4516-93F4-7402D0E48727}.Release|x86.Build.0 = Release|Win32
		{0B07DA85-C7E6-486C-AE49-7FF5C9C6D247}.Debug|x64.ActiveCfg = Debug|x64
		{0B07DA85-C7E6-486C-AE49-7FF5C9C6D247}.Debug|x64.Build.0 = Debug|x64
		{0B07DA85-C7E6-486C-AE49-7FF5C9C6D247}.Debug|x86.ActiveCfg = Debug|Win32
		{0B07DA85-C7E6-486C-AE49-7FF5C9C6D247}.Debug|x86.Build.0 = Debug|Win32
		{0B07DA85-C7E6-486C-AE49-7FF5C9C6D247}.Release|x64.ActiveCfg = Release|x64
		{0B07DA85-C7E6-486C-AE49-7FF5C9C6D247}.Release|x64.Build.0 = Release|x64
		{0B07DA85-C7E6-486C-AE49-7FF5C9C6D247}.Release|x86.ActiveCfg = Release|Win32
		{0B07DA85-C7E6-486C-AE49-7FF5C9C6D247}.Release|x86.Build.0 = Release|Win32
		{38D59649-12CE-4C3D-B56B-069A51E08C94}.Debug|x64.ActiveCfg = Debug|x64
		{38D59649-12CE-4C3D-B56B-069A51E08C94}.Debug|x64.Build.0 = Debug|x64
		{38D59649-12CE-4C3D-B56B-069A51E08C94}.Debug|x86.ActiveCfg = Debug|Win32
		{38D59649-12CE-4C3D-B56B-069A51E08C94}.Debug|x86.Build.0 = Debug|Win32
		{38D59649-12CE-4C3D-B56B-069A51E08C94}.Release|x64.ActiveCfg = Release|x64
		{38D59649-12CE-4C3D-B56B-069A51E08C94}.Release|x64.Build.0 = Release|x64
		{38D59649-12CE-4C3D-B56B-069A51E08C94}.Release|x86.ActiveCfg = Release|Win32
		{38D59649-12CE-4C3D-B56B-069A51E08C94}.Release|x86.Build.0 = Release|Win32
		{F9955889-2CB2-4280-833E-83F11BF7D237}.Debug|x64.ActiveCfg = Debug|x64
		{F9955889-2CB2-4280-833E-83F11BF7D237}.Debug|x64.Build.0 = Debug|x64
		{F9955889-2CB2-4280-833E-83F11BF7D237}.Debug|x86.ActiveCfg = Debug|Win32
		{F9955889-2CB2-4280-833E-83F11BF7D237}.Debug|x86.Build.0 = Debug|Win32
		{F9955889-2CB2-4280-833E-83F11BF7D237}.Release|x64.ActiveCfg = Release|x64
		{F9955889-2CB2-4280-833E-83F11BF7D237}.Release|x64.Build.0 = Release|x64
		{F9955889-2CB2-4280-833E-83F11BF7D237}.Release|x86.ActiveCfg = Release|Win32
		{F9955889-2CB2-4280-833E-83F11BF7D237}.Release|x86.Build.0 = Release|Win32
		{0F084EED-04B2-4428-8210-C6C127B8C0A9}.Debug|x64.ActiveCfg = Debug|x64
		{0F084EED-04B2-4428-8210-C6C127B8C0A9}.Debug|x64.Build.0 = Debug|x64
		{0F084EED-04B2-4428-8210-C6C127B8C0A9}.Debug|x86.ActiveCfg = Debug|Win32
		{0F084EED-04B2-4428-8210-C6C127B8C0A9}.Debug|x86.Build.0 = Debug|Win32
		{0F084EED-04B2-4428-8210-C6C127B8C0A9}.Release|x64.ActiveCfg = Release|x64
		{0F084EED-04B2-4428-8210-C6C127B8C0A9}.Release|x64.Build.0 = Release|x64
		{0F084EED-04B2-4428-8210-C6C127B8C0A9}.Release|x86.ActiveCfg = Release|Win32
		{0F084EED-04B2-4428-8210-C6C127B8C0A9}.Release|x86.Build.0 = Release|Win32
	EndGlobalSection
	GlobalSection(SolutionProperties) = preSolution
		HideSolutionNode = FALSE
	EndGlobalSection
EndGlobal
